// !$*UTF8*$!
{
	archiveVersion = 1;
	classes = {
	};
	objectVersion = 50;
	objects = {

/* Begin PBXBuildFile section */
		DE3A5B82260748F800484C51 /* main.swift in Sources */ = {isa = PBXBuildFile; fileRef = DE3A5B81260748F800484C51 /* main.swift */; };
		DEB1536426E2132E002B7BD7 /* DataStructs.swift in Sources */ = {isa = PBXBuildFile; fileRef = DEB1536326E2132E002B7BD7 /* DataStructs.swift */; };
		DEB1536626E77758002B7BD7 /* Extensions.swift in Sources */ = {isa = PBXBuildFile; fileRef = DEB1536526E77758002B7BD7 /* Extensions.swift */; };
		DEB1537B26E899DD002B7BD7 /* MyHashTable.swift in Sources */ = {isa = PBXBuildFile; fileRef = DEB1537A26E899DD002B7BD7 /* MyHashTable.swift */; };
		DEB1537D26E8AF63002B7BD7 /* ReverseList.swift in Sources */ = {isa = PBXBuildFile; fileRef = DEB1537C26E8AF63002B7BD7 /* ReverseList.swift */; };
		DEB1537F26E8B4B8002B7BD7 /* Sorter.swift in Sources */ = {isa = PBXBuildFile; fileRef = DEB1537E26E8B4B8002B7BD7 /* Sorter.swift */; };
		DEF691302608C2A5004F31DE /* Solution.swift in Sources */ = {isa = PBXBuildFile; fileRef = DEF6912F2608C2A5004F31DE /* Solution.swift */; };
/* End PBXBuildFile section */

/* Begin PBXCopyFilesBuildPhase section */
		DE3A5B7C260748F800484C51 /* CopyFiles */ = {
			isa = PBXCopyFilesBuildPhase;
			buildActionMask = 2147483647;
			dstPath = /usr/share/man/man1/;
			dstSubfolderSpec = 0;
			files = (
			);
			runOnlyForDeploymentPostprocessing = 1;
		};
/* End PBXCopyFilesBuildPhase section */

/* Begin PBXFileReference section */
		DE3A5B7E260748F800484C51 /* SwiftAlg */ = {isa = PBXFileReference; explicitFileType = "compiled.mach-o.executable"; includeInIndex = 0; path = SwiftAlg; sourceTree = BUILT_PRODUCTS_DIR; };
		DE3A5B81260748F800484C51 /* main.swift */ = {isa = PBXFileReference; lastKnownFileType = sourcecode.swift; path = main.swift; sourceTree = "<group>"; };
		DEB1536326E2132E002B7BD7 /* DataStructs.swift */ = {isa = PBXFileReference; lastKnownFileType = sourcecode.swift; path = DataStructs.swift; sourceTree = "<group>"; };
		DEB1536526E77758002B7BD7 /* Extensions.swift */ = {isa = PBXFileReference; lastKnownFileType = sourcecode.swift; path = Extensions.swift; sourceTree = "<group>"; };
		DEB1537A26E899DD002B7BD7 /* MyHashTable.swift */ = {isa = PBXFileReference; lastKnownFileType = sourcecode.swift; path = MyHashTable.swift; sourceTree = "<group>"; };
		DEB1537C26E8AF63002B7BD7 /* ReverseList.swift */ = {isa = PBXFileReference; lastKnownFileType = sourcecode.swift; path = ReverseList.swift; sourceTree = "<group>"; };
		DEB1537E26E8B4B8002B7BD7 /* Sorter.swift */ = {isa = PBXFileReference; lastKnownFileType = sourcecode.swift; path = Sorter.swift; sourceTree = "<group>"; };
		DEF6912F2608C2A5004F31DE /* Solution.swift */ = {isa = PBXFileReference; lastKnownFileType = sourcecode.swift; path = Solution.swift; sourceTree = "<group>"; };
/* End PBXFileReference section */

/* Begin PBXFrameworksBuildPhase section */
		DE3A5B7B260748F800484C51 /* Frameworks */ = {
			isa = PBXFrameworksBuildPhase;
			buildActionMask = 2147483647;
			files = (
			);
			runOnlyForDeploymentPostprocessing = 0;
		};
/* End PBXFrameworksBuildPhase section */

/* Begin PBXGroup section */
		DE3A5B75260748F800484C51 = {
			isa = PBXGroup;
			children = (
				DE3A5B80260748F800484C51 /* SwiftAlg */,
				DE3A5B7F260748F800484C51 /* Products */,
			);
			sourceTree = "<group>";
		};
		DE3A5B7F260748F800484C51 /* Products */ = {
			isa = PBXGroup;
			children = (
				DE3A5B7E260748F800484C51 /* SwiftAlg */,
			);
			name = Products;
			sourceTree = "<group>";
		};
		DE3A5B80260748F800484C51 /* SwiftAlg */ = {
			isa = PBXGroup;
			children = (
				DE3A5B81260748F800484C51 /* main.swift */,
				DEF6912F2608C2A5004F31DE /* Solution.swift */,
				DEB1536326E2132E002B7BD7 /* DataStructs.swift */,
				DEB1536526E77758002B7BD7 /* Extensions.swift */,
				DEB1537A26E899DD002B7BD7 /* MyHashTable.swift */,
				DEB1537C26E8AF63002B7BD7 /* ReverseList.swift */,
				DEB1537E26E8B4B8002B7BD7 /* Sorter.swift */,
			);
			path = SwiftAlg;
			sourceTree = "<group>";
		};
/* End PBXGroup section */

/* Begin PBXNativeTarget section */
		DE3A5B7D260748F800484C51 /* SwiftAlg */ = {
			isa = PBXNativeTarget;
			buildConfigurationList = DE3A5B85260748F800484C51 /* Build configuration list for PBXNativeTarget "SwiftAlg" */;
			buildPhases = (
				DE3A5B7A260748F800484C51 /* Sources */,
				DE3A5B7B260748F800484C51 /* Frameworks */,
				DE3A5B7C260748F800484C51 /* CopyFiles */,
			);
			buildRules = (
			);
			dependencies = (
			);
			name = SwiftAlg;
			productName = SwiftAlg;
			productReference = DE3A5B7E260748F800484C51 /* SwiftAlg */;
			productType = "com.apple.product-type.tool";
		};
/* End PBXNativeTarget section */

/* Begin PBXProject section */
		DE3A5B76260748F800484C51 /* Project object */ = {
			isa = PBXProject;
			attributes = {
				LastSwiftUpdateCheck = 1240;
				LastUpgradeCheck = 1240;
				TargetAttributes = {
					DE3A5B7D260748F800484C51 = {
						CreatedOnToolsVersion = 12.4;
					};
				};
			};
			buildConfigurationList = DE3A5B79260748F800484C51 /* Build configuration list for PBXProject "SwiftAlg" */;
			compatibilityVersion = "Xcode 9.3";
			developmentRegion = en;
			hasScannedForEncodings = 0;
			knownRegions = (
				en,
				Base,
			);
			mainGroup = DE3A5B75260748F800484C51;
			productRefGroup = DE3A5B7F260748F800484C51 /* Products */;
			projectDirPath = "";
			projectRoot = "";
			targets = (
				DE3A5B7D260748F800484C51 /* SwiftAlg */,
			);
		};
/* End PBXProject section */

/* Begin PBXSourcesBuildPhase section */
		DE3A5B7A260748F800484C51 /* Sources */ = {
			isa = PBXSourcesBuildPhase;
			buildActionMask = 2147483647;
			files = (
				DEB1537D26E8AF63002B7BD7 /* ReverseList.swift in Sources */,
				DEF691302608C2A5004F31DE /* Solution.swift in Sources */,
				DEB1537F26E8B4B8002B7BD7 /* Sorter.swift in Sources */,
				DEB1536426E2132E002B7BD7 /* DataStructs.swift in Sources */,
				DEB1537B26E899DD002B7BD7 /* MyHashTable.swift in Sources */,
				DE3A5B82260748F800484C51 /* main.swift in Sources */,
				DEB1536626E77758002B7BD7 /* Extensions.swift in Sources */,
			);
			runOnlyForDeploymentPostprocessing = 0;
		};
/* End PBXSourcesBuildPhase section */

/* Begin XCBuildConfiguration section */
		DE3A5B83260748F800484C51 /* Debug */ = {
			isa = XCBuildConfiguration;
			buildSettings = {
				ALWAYS_SEARCH_USER_PATHS = NO;
				CLANG_ANALYZER_NONNULL = YES;
				CLANG_ANALYZER_NUMBER_OBJECT_CONVERSION = YES_AGGRESSIVE;
				CLANG_CXX_LANGUAGE_STANDARD = "gnu++14";
				CLANG_CXX_LIBRARY = "libc++";
				CLANG_ENABLE_MODULES = YES;
				CLANG_ENABLE_OBJC_ARC = YES;
				CLANG_ENABLE_OBJC_WEAK = YES;
				CLANG_WARN_BLOCK_CAPTURE_AUTORELEASING = YES;
				CLANG_WARN_BOOL_CONVERSION = YES;
				CLANG_WARN_COMMA = YES;
				CLANG_WARN_CONSTANT_CONVERSION = YES;
				CLANG_WARN_DEPRECATED_OBJC_IMPLEMENTATIONS = YES;
				CLANG_WARN_DIRECT_OBJC_ISA_USAGE = YES_ERROR;
				CLANG_WARN_DOCUMENTATION_COMMENTS = YES;
				CLANG_WARN_EMPTY_BODY = YES;
				CLANG_WARN_ENUM_CONVERSION = YES;
				CLANG_WARN_INFINITE_RECURSION = YES;
				CLANG_WARN_INT_CONVERSION = YES;
				CLANG_WARN_NON_LITERAL_NULL_CONVERSION = YES;
				CLANG_WARN_OBJC_IMPLICIT_RETAIN_SELF = YES;
				CLANG_WARN_OBJC_LITERAL_CONVERSION = YES;
				CLANG_WARN_OBJC_ROOT_CLASS = YES_ERROR;
				CLANG_WARN_QUOTED_INCLUDE_IN_FRAMEWORK_HEADER = YES;
				CLANG_WARN_RANGE_LOOP_ANALYSIS = YES;
				CLANG_WARN_STRICT_PROTOTYPES = YES;
				CLANG_WARN_SUSPICIOUS_MOVE = YES;
				CLANG_WARN_UNGUARDED_AVAILABILITY = YES_AGGRESSIVE;
				CLANG_WARN_UNREACHABLE_CODE = YES;
				CLANG_WARN__DUPLICATE_METHOD_MATCH = YES;
				COPY_PHASE_STRIP = NO;
				DEBUG_INFORMATION_FORMAT = dwarf;
				ENABLE_STRICT_OBJC_MSGSEND = YES;
				ENABLE_TESTABILITY = YES;
				GCC_C_LANGUAGE_STANDARD = gnu11;
				GCC_DYNAMIC_NO_PIC = NO;
				GCC_NO_COMMON_BLOCKS = YES;
				GCC_OPTIMIZATION_LEVEL = 0;
				GCC_PREPROCESSOR_DEFINITIONS = (
					"DEBUG=1",
					"$(inherited)",
				);
				GCC_WARN_64_TO_32_BIT_CONVERSION = YES;
				GCC_WARN_ABOUT_RETURN_TYPE = YES_ERROR;
				GCC_WARN_UNDECLARED_SELECTOR = YES;
				GCC_WARN_UNINITIALIZED_AUTOS = YES_AGGRESSIVE;
				GCC_WARN_UNUSED_FUNCTION = YES;
				GCC_WARN_UNUSED_VARIABLE = YES;
				MACOSX_DEPLOYMENT_TARGET = 11.1;
				MTL_ENABLE_DEBUG_INFO = INCLUDE_SOURCE;
				MTL_FAST_MATH = YES;
				ONLY_ACTIVE_ARCH = YES;
				SDKROOT = macosx;
				SWIFT_ACTIVE_COMPILATION_CONDITIONS = DEBUG;
				SWIFT_OPTIMIZATION_LEVEL = "-Onone";
			};
			name = Debug;
		};
		DE3A5B84260748F800484C51 /* Release */ = {
			isa = XCBuildConfiguration;
			buildSettings = {
				ALWAYS_SEARCH_USER_PATHS = NO;
				CLANG_ANALYZER_NONNULL = YES;
				CLANG_ANALYZER_NUMBER_OBJECT_CONVERSION = YES_AGGRESSIVE;
				CLANG_CXX_LANGUAGE_STANDARD = "gnu++14";
				CLANG_CXX_LIBRARY = "libc++";
				CLANG_ENABLE_MODULES = YES;
				CLANG_ENABLE_OBJC_ARC = YES;
				CLANG_ENABLE_OBJC_WEAK = YES;
				CLANG_WARN_BLOCK_CAPTURE_AUTORELEASING = YES;
				CLANG_WARN_BOOL_CONVERSION = YES;
				CLANG_WARN_COMMA = YES;
				CLANG_WARN_CONSTANT_CONVERSION = YES;
				CLANG_WARN_DEPRECATED_OBJC_IMPLEMENTATIONS = YES;
				CLANG_WARN_DIRECT_OBJC_ISA_USAGE = YES_ERROR;
				CLANG_WARN_DOCUMENTATION_COMMENTS = YES;
				CLANG_WARN_EMPTY_BODY = YES;
				CLANG_WARN_ENUM_CONVERSION = YES;
				CLANG_WARN_INFINITE_RECURSION = YES;
				CLANG_WARN_INT_CONVERSION = YES;
				CLANG_WARN_NON_LITERAL_NULL_CONVERSION = YES;
				CLANG_WARN_OBJC_IMPLICIT_RETAIN_SELF = YES;
				CLANG_WARN_OBJC_LITERAL_CONVERSION = YES;
				CLANG_WARN_OBJC_ROOT_CLASS = YES_ERROR;
				CLANG_WARN_QUOTED_INCLUDE_IN_FRAMEWORK_HEADER = YES;
				CLANG_WARN_RANGE_LOOP_ANALYSIS = YES;
				CLANG_WARN_STRICT_PROTOTYPES = YES;
				CLANG_WARN_SUSPICIOUS_MOVE = YES;
				CLANG_WARN_UNGUARDED_AVAILABILITY = YES_AGGRESSIVE;
				CLANG_WARN_UNREACHABLE_CODE = YES;
				CLANG_WARN__DUPLICATE_METHOD_MATCH = YES;
				COPY_PHASE_STRIP = NO;
				DEBUG_INFORMATION_FORMAT = "dwarf-with-dsym";
				ENABLE_NS_ASSERTIONS = NO;
				ENABLE_STRICT_OBJC_MSGSEND = YES;
				GCC_C_LANGUAGE_STANDARD = gnu11;
				GCC_NO_COMMON_BLOCKS = YES;
				GCC_WARN_64_TO_32_BIT_CONVERSION = YES;
				GCC_WARN_ABOUT_RETURN_TYPE = YES_ERROR;
				GCC_WARN_UNDECLARED_SELECTOR = YES;
				GCC_WARN_UNINITIALIZED_AUTOS = YES_AGGRESSIVE;
				GCC_WARN_UNUSED_FUNCTION = YES;
				GCC_WARN_UNUSED_VARIABLE = YES;
				MACOSX_DEPLOYMENT_TARGET = 11.1;
				MTL_ENABLE_DEBUG_INFO = NO;
				MTL_FAST_MATH = YES;
				SDKROOT = macosx;
				SWIFT_COMPILATION_MODE = wholemodule;
				SWIFT_OPTIMIZATION_LEVEL = "-O";
			};
			name = Release;
		};
		DE3A5B86260748F800484C51 /* Debug */ = {
			isa = XCBuildConfiguration;
			buildSettings = {
				CODE_SIGN_STYLE = Automatic;
				DEVELOPMENT_TEAM = K9F87G4V4A;
				ENABLE_HARDENED_RUNTIME = YES;
				PRODUCT_NAME = "$(TARGET_NAME)";
				SWIFT_VERSION = 5.0;
			};
			name = Debug;
		};
		DE3A5B87260748F800484C51 /* Release */ = {
			isa = XCBuildConfiguration;
			buildSettings = {
				CODE_SIGN_STYLE = Automatic;
				DEVELOPMENT_TEAM = K9F87G4V4A;
				ENABLE_HARDENED_RUNTIME = YES;
				PRODUCT_NAME = "$(TARGET_NAME)";
				SWIFT_VERSION = 5.0;
			};
			name = Release;
		};
/* End XCBuildConfiguration section */

/* Begin XCConfigurationList section */
		DE3A5B79260748F800484C51 /* Build configuration list for PBXProject "SwiftAlg" */ = {
			isa = XCConfigurationList;
			buildConfigurations = (
				DE3A5B83260748F800484C51 /* Debug */,
				DE3A5B84260748F800484C51 /* Release */,
			);
			defaultConfigurationIsVisible = 0;
			defaultConfigurationName = Release;
		};
		DE3A5B85260748F800484C51 /* Build configuration list for PBXNativeTarget "SwiftAlg" */ = {
			isa = XCConfigurationList;
			buildConfigurations = (
				DE3A5B86260748F800484C51 /* Debug */,
				DE3A5B87260748F800484C51 /* Release */,
			);
			defaultConfigurationIsVisible = 0;
			defaultConfigurationName = Release;
		};
/* End XCConfigurationList section */
	};
	rootObject = DE3A5B76260748F800484C51 /* Project object */;
}
